{
  "name": "pharos-address-intelligence",
  "version": "0.1.0",
  "lockfileVersion": 3,
  "requires": true,
  "packages": {
    "": {
      "name": "pharos-address-intelligence",
      "version": "0.1.0",
      "license": "MIT-0",
      "bin": {
        "pharos-address-intel": "scripts/inspect.mjs"
      },
      "engines": {
        "node": ">=18"
      }
    }
  }
}
